{
  "name": "ue1",
  "version": "1.0.0",
  "lockfileVersion": 1,
  "requires": true,
  "dependencies": {
    "filequeue": {
      "version": "0.5.0",
      "resolved": "https://registry.npmjs.org/filequeue/-/filequeue-0.5.0.tgz",
      "integrity": "sha1-8ASKWvRTBEfazvBsSGjFChFAYXk="
    },
    "readline-sync": {
      "version": "1.4.9",
      "resolved": "https://registry.npmjs.org/readline-sync/-/readline-sync-1.4.9.tgz",
      "integrity": "sha1-PtqOZfI80qF+YTAbHwADOWr17No="
    },
    "stopword": {
      "version": "0.1.10",
      "resolved": "https://registry.npmjs.org/stopword/-/stopword-0.1.10.tgz",
      "integrity": "sha512-hTkU1wXVLbEQNLeOO3FESj0bme6QsNaV5xh13SV7ylSfNVdyzd9nS6lY5D098izFezMmvRMIFEyNcW01LfI+SA=="
    },
    "underscore": {
      "version": "1.12.1",
      "resolved": "https://registry.npmjs.org/underscore/-/underscore-1.12.1.tgz",
      "integrity": "sha512-hEQt0+ZLDVUMhebKxL4x1BTtDY7bavVofhZ9KZ4aI26X9SRaE+Y3m83XUL1UP2jn8ynjndwCCpEHdUG+9pP1Tw=="
    }
  }
}
